{
  "name": "aex-hosting",
  "lockfileVersion": 3,
  "requires": true,
  "packages": {
    "": {
      "name": "aex-hosting",
      "devDependencies": {
        "@aexhq/brain": "0.18.0",
        "zod": "4.4.3"
      },
      "engines": {
        "node": ">=22"
      }
    },
    "node_modules/@aexhq/brain": {
      "version": "0.18.0",
      "resolved": "https://registry.npmjs.org/@aexhq/brain/-/brain-0.18.0.tgz",
      "integrity": "sha512-iqxm4ZEXehNOqW1x93zYfDSpUHrvIg6pu0l/q4Msi7vwT1PSZBazhmTN0fcvD3sBUJAzBTBYT3E+kzEHoRK4MQ==",
      "dev": true,
      "license": "MIT",
      "dependencies": {
        "zod": "4.4.3"
      },
      "engines": {
        "node": ">=22.0.0"
      }
    },
    "node_modules/zod": {
      "version": "4.4.3",
      "resolved": "https://registry.npmjs.org/zod/-/zod-4.4.3.tgz",
      "integrity": "sha512-ytENFjIJFl2UwYglde2jchW2Hwm4GJFLDiSXWdTrJQBIN9Fcyp7n4DhxJEiWNAJMV1/BqWfW/kkg71UDcHJyTQ==",
      "dev": true,
      "license": "MIT",
      "funding": {
        "url": "https://github.com/sponsors/colinhacks"
      }
    }
  }
}
